
Microsoft Visual Studio Solution File, Format Version 12.00
# Visual Studio Version 16
VisualStudioVersion = 16.0.30225.117
MinimumVisualStudioVersion = 10.0.40219.1
Project("{FAE04EC0-301F-11D3-BF4B-00C04F79EFBC}") = "FlightBookingApp", "FlightBookingApp\FlightBookingApp.csproj", "{3E77AAD1-2EE9-403F-B90C-FE9F53EF8AC5}"
EndProject
Project("{FAE04EC0-301F-11D3-BF4B-00C04F79EFBC}") = "FlightBookingApp.UnitTests", "FlightBookingApp.UnitTests\FlightBookingApp.UnitTests.csproj", "{A70144D2-D2BA-4F43-88A0-97A24CCC4767}"
EndProject
Global
	GlobalSection(SolutionConfigurationPlatforms) = preSolution
		Debug|Any CPU = Debug|Any CPU
		Release|Any CPU = Release|Any CPU
	EndGlobalSection
	GlobalSection(ProjectConfigurationPlatforms) = postSolution
		{3E77AAD1-2EE9-403F-B90C-FE9F53EF8AC5}.Debug|Any CPU.ActiveCfg = Debug|Any CPU
		{3E77AAD1-2EE9-403F-B90C-FE9F53EF8AC5}.Debug|Any CPU.Build.0 = Debug|Any CPU
		{3E77AAD1-2EE9-403F-B90C-FE9F53EF8AC5}.Release|Any CPU.ActiveCfg = Release|Any CPU
		{3E77AAD1-2EE9-403F-B90C-FE9F53EF8AC5}.Release|Any CPU.Build.0 = Release|Any CPU
		{A70144D2-D2BA-4F43-88A0-97A24CCC4767}.Debug|Any CPU.ActiveCfg = Debug|Any CPU
		{A70144D2-D2BA-4F43-88A0-97A24CCC4767}.Debug|Any CPU.Build.0 = Debug|Any CPU
		{A70144D2-D2BA-4F43-88A0-97A24CCC4767}.Release|Any CPU.ActiveCfg = Release|Any CPU
		{A70144D2-D2BA-4F43-88A0-97A24CCC4767}.Release|Any CPU.Build.0 = Release|Any CPU
	EndGlobalSection
	GlobalSection(SolutionProperties) = preSolution
		HideSolutionNode = FALSE
	EndGlobalSection
	GlobalSection(ExtensibilityGlobals) = postSolution
		SolutionGuid = {CF5CA376-52B2-49E5-AA7D-C448615E35B2}
	EndGlobalSection
EndGlobal
